
Microsoft Visual Studio Solution File, Format Version 12.00
# Visual Studio Version 17
VisualStudioVersion = 17.8.34322.80
MinimumVisualStudioVersion = 10.0.40219.1
Project("{9A19103F-16F7-4668-BE54-9A1E7A4F7556}") = "AuthUsers", "AuthUsers\AuthUsers.csproj", "{EBC60931-6BB1-49BF-9315-9CFEC65875F3}"
EndProject
Project("{9A19103F-16F7-4668-BE54-9A1E7A4F7556}") = "CommentMarks", "CommentMarks\CommentMarks.csproj", "{C22FF62E-26F3-4337-B1C5-D47A4315F5E4}"
EndProject
Project("{9A19103F-16F7-4668-BE54-9A1E7A4F7556}") = "Domain", "Domain\Domain.csproj", "{EE9293E3-1251-44EE-9127-731FB666C96F}"
EndProject
Project("{FAE04EC0-301F-11D3-BF4B-00C04F79EFBC}") = "RepositoryService", "RepositoryService\RepositoryService.csproj", "{2CC3BA73-DC63-4CE5-AC78-9EF91AEB65C0}"
EndProject
Global
	GlobalSection(SolutionConfigurationPlatforms) = preSolution
		Debug|Any CPU = Debug|Any CPU
		Release|Any CPU = Release|Any CPU
	EndGlobalSection
	GlobalSection(ProjectConfigurationPlatforms) = postSolution
		{EBC60931-6BB1-49BF-9315-9CFEC65875F3}.Debug|Any CPU.ActiveCfg = Debug|Any CPU
		{EBC60931-6BB1-49BF-9315-9CFEC65875F3}.Debug|Any CPU.Build.0 = Debug|Any CPU
		{EBC60931-6BB1-49BF-9315-9CFEC65875F3}.Release|Any CPU.ActiveCfg = Release|Any CPU
		{EBC60931-6BB1-49BF-9315-9CFEC65875F3}.Release|Any CPU.Build.0 = Release|Any CPU
		{C22FF62E-26F3-4337-B1C5-D47A4315F5E4}.Debug|Any CPU.ActiveCfg = Debug|Any CPU
		{C22FF62E-26F3-4337-B1C5-D47A4315F5E4}.Debug|Any CPU.Build.0 = Debug|Any CPU
		{C22FF62E-26F3-4337-B1C5-D47A4315F5E4}.Release|Any CPU.ActiveCfg = Release|Any CPU
		{C22FF62E-26F3-4337-B1C5-D47A4315F5E4}.Release|Any CPU.Build.0 = Release|Any CPU
		{EE9293E3-1251-44EE-9127-731FB666C96F}.Debug|Any CPU.ActiveCfg = Debug|Any CPU
		{EE9293E3-1251-44EE-9127-731FB666C96F}.Debug|Any CPU.Build.0 = Debug|Any CPU
		{EE9293E3-1251-44EE-9127-731FB666C96F}.Release|Any CPU.ActiveCfg = Release|Any CPU
		{EE9293E3-1251-44EE-9127-731FB666C96F}.Release|Any CPU.Build.0 = Release|Any CPU
		{2CC3BA73-DC63-4CE5-AC78-9EF91AEB65C0}.Debug|Any CPU.ActiveCfg = Debug|Any CPU
		{2CC3BA73-DC63-4CE5-AC78-9EF91AEB65C0}.Debug|Any CPU.Build.0 = Debug|Any CPU
		{2CC3BA73-DC63-4CE5-AC78-9EF91AEB65C0}.Release|Any CPU.ActiveCfg = Release|Any CPU
		{2CC3BA73-DC63-4CE5-AC78-9EF91AEB65C0}.Release|Any CPU.Build.0 = Release|Any CPU
	EndGlobalSection
	GlobalSection(SolutionProperties) = preSolution
		HideSolutionNode = FALSE
	EndGlobalSection
	GlobalSection(ExtensibilityGlobals) = postSolution
		SolutionGuid = {767E9703-5B0A-4FB1-AED8-41F3CA14F913}
	EndGlobalSection
EndGlobal
